// !$*UTF8*$!
{
	archiveVersion = 1;
	classes = {
	};
	objectVersion = 46;
	objects = {

/* Begin PBXBuildFile section */
		AF2BE6411E28469D00D42A81 /* AppDelegate.swift in Sources */ = {isa = PBXBuildFile; fileRef = AF2BE6401E28469D00D42A81 /* AppDelegate.swift */; };
		AF2BE6431E28469D00D42A81 /* SignInVC.swift in Sources */ = {isa = PBXBuildFile; fileRef = AF2BE6421E28469D00D42A81 /* SignInVC.swift */; };
		AF2BE6461E28469D00D42A81 /* Main.storyboard in Resources */ = {isa = PBXBuildFile; fileRef = AF2BE6441E28469D00D42A81 /* Main.storyboard */; };
		AF2BE6481E28469D00D42A81 /* Assets.xcassets in Resources */ = {isa = PBXBuildFile; fileRef = AF2BE6471E28469D00D42A81 /* Assets.xcassets */; };
		AF2BE64B1E28469E00D42A81 /* LaunchScreen.storyboard in Resources */ = {isa = PBXBuildFile; fileRef = AF2BE6491E28469E00D42A81 /* LaunchScreen.storyboard */; };
		AF2BE6531E28475E00D42A81 /* GoogleService-Info.plist in Resources */ = {isa = PBXBuildFile; fileRef = AF2BE6521E28475E00D42A81 /* GoogleService-Info.plist */; };
		AFC474191E29A3A300FBFD91 /* FancyView.swift in Sources */ = {isa = PBXBuildFile; fileRef = AFC474181E29A3A300FBFD91 /* FancyView.swift */; };
		AFC4741C1E29A43100FBFD91 /* Constants.swift in Sources */ = {isa = PBXBuildFile; fileRef = AFC4741B1E29A43100FBFD91 /* Constants.swift */; };
		AFC4741E1E29A61400FBFD91 /* RoundButton.swift in Sources */ = {isa = PBXBuildFile; fileRef = AFC4741D1E29A61400FBFD91 /* RoundButton.swift */; };
		AFC474201E29A78F00FBFD91 /* FancyTextField.swift in Sources */ = {isa = PBXBuildFile; fileRef = AFC4741F1E29A78F00FBFD91 /* FancyTextField.swift */; };
		AFC474221E29A91D00FBFD91 /* FancyButton.swift in Sources */ = {isa = PBXBuildFile; fileRef = AFC474211E29A91D00FBFD91 /* FancyButton.swift */; };
		DE8E427C0C7636B452C9F62D /* Pods_DevslopesSocial.framework in Frameworks */ = {isa = PBXBuildFile; fileRef = AB4F2C0A1B2647F44C0E505F /* Pods_DevslopesSocial.framework */; };
/* End PBXBuildFile section */

/* Begin PBXFileReference section */
		29387F18C3254A386F338887 /* Pods-DevslopesSocial.debug.xcconfig */ = {isa = PBXFileReference; includeInIndex = 1; lastKnownFileType = text.xcconfig; name = "Pods-DevslopesSocial.debug.xcconfig"; path = "Pods/Target Support Files/Pods-DevslopesSocial/Pods-DevslopesSocial.debug.xcconfig"; sourceTree = "<group>"; };
		AB4F2C0A1B2647F44C0E505F /* Pods_DevslopesSocial.framework */ = {isa = PBXFileReference; explicitFileType = wrapper.framework; includeInIndex = 0; path = Pods_DevslopesSocial.framework; sourceTree = BUILT_PRODUCTS_DIR; };
		AF2BE63D1E28469D00D42A81 /* DevslopesSocial.app */ = {isa = PBXFileReference; explicitFileType = wrapper.application; includeInIndex = 0; path = DevslopesSocial.app; sourceTree = BUILT_PRODUCTS_DIR; };
		AF2BE6401E28469D00D42A81 /* AppDelegate.swift */ = {isa = PBXFileReference; lastKnownFileType = sourcecode.swift; path = AppDelegate.swift; sourceTree = "<group>"; };
		AF2BE6421E28469D00D42A81 /* SignInVC.swift */ = {isa = PBXFileReference; lastKnownFileType = sourcecode.swift; path = SignInVC.swift; sourceTree = "<group>"; };
		AF2BE6451E28469D00D42A81 /* Base */ = {isa = PBXFileReference; lastKnownFileType = file.storyboard; name = Base; path = Base.lproj/Main.storyboard; sourceTree = "<group>"; };
		AF2BE6471E28469D00D42A81 /* Assets.xcassets */ = {isa = PBXFileReference; lastKnownFileType = folder.assetcatalog; path = Assets.xcassets; sourceTree = "<group>"; };
		AF2BE64A1E28469E00D42A81 /* Base */ = {isa = PBXFileReference; lastKnownFileType = file.storyboard; name = Base; path = Base.lproj/LaunchScreen.storyboard; sourceTree = "<group>"; };
		AF2BE64C1E28469E00D42A81 /* Info.plist */ = {isa = PBXFileReference; lastKnownFileType = text.plist.xml; path = Info.plist; sourceTree = "<group>"; };
		AF2BE6521E28475E00D42A81 /* GoogleService-Info.plist */ = {isa = PBXFileReference; fileEncoding = 4; lastKnownFileType = text.plist.xml; path = "GoogleService-Info.plist"; sourceTree = "<group>"; };
		AFC474181E29A3A300FBFD91 /* FancyView.swift */ = {isa = PBXFileReference; fileEncoding = 4; lastKnownFileType = sourcecode.swift; path = FancyView.swift; sourceTree = "<group>"; };
		AFC4741B1E29A43100FBFD91 /* Constants.swift */ = {isa = PBXFileReference; fileEncoding = 4; lastKnownFileType = sourcecode.swift; path = Constants.swift; sourceTree = "<group>"; };
		AFC4741D1E29A61400FBFD91 /* RoundButton.swift */ = {isa = PBXFileReference; fileEncoding = 4; lastKnownFileType = sourcecode.swift; path = RoundButton.swift; sourceTree = "<group>"; };
		AFC4741F1E29A78F00FBFD91 /* FancyTextField.swift */ = {isa = PBXFileReference; fileEncoding = 4; lastKnownFileType = sourcecode.swift; path = FancyTextField.swift; sourceTree = "<group>"; };
		AFC474211E29A91D00FBFD91 /* FancyButton.swift */ = {isa = PBXFileReference; fileEncoding = 4; lastKnownFileType = sourcecode.swift; path = FancyButton.swift; sourceTree = "<group>"; };
		AFC474231E29D19400FBFD91 /* DevslopesSocial.entitlements */ = {isa = PBXFileReference; lastKnownFileType = text.plist.entitlements; path = DevslopesSocial.entitlements; sourceTree = "<group>"; };
		D2B3B8273321D6276271CE9A /* Pods-DevslopesSocial.release.xcconfig */ = {isa = PBXFileReference; includeInIndex = 1; lastKnownFileType = text.xcconfig; name = "Pods-DevslopesSocial.release.xcconfig"; path = "Pods/Target Support Files/Pods-DevslopesSocial/Pods-DevslopesSocial.release.xcconfig"; sourceTree = "<group>"; };
/* End PBXFileReference section */

/* Begin PBXFrameworksBuildPhase section */
		AF2BE63A1E28469D00D42A81 /* Frameworks */ = {
			isa = PBXFrameworksBuildPhase;
			buildActionMask = 2147483647;
			files = (
				DE8E427C0C7636B452C9F62D /* Pods_DevslopesSocial.framework in Frameworks */,
			);
			runOnlyForDeploymentPostprocessing = 0;
		};
/* End PBXFrameworksBuildPhase section */

/* Begin PBXGroup section */
		1B2E6DB8DEEFAFD913CB5435 /* Frameworks */ = {
			isa = PBXGroup;
			children = (
				AB4F2C0A1B2647F44C0E505F /* Pods_DevslopesSocial.framework */,
			);
			name = Frameworks;
			sourceTree = "<group>";
		};
		AF2BE6341E28469D00D42A81 = {
			isa = PBXGroup;
			children = (
				AF2BE63F1E28469D00D42A81 /* DevslopesSocial */,
				AF2BE63E1E28469D00D42A81 /* Products */,
				B6D7FBAFBF92A428C496A018 /* Pods */,
				1B2E6DB8DEEFAFD913CB5435 /* Frameworks */,
			);
			sourceTree = "<group>";
		};
		AF2BE63E1E28469D00D42A81 /* Products */ = {
			isa = PBXGroup;
			children = (
				AF2BE63D1E28469D00D42A81 /* DevslopesSocial.app */,
			);
			name = Products;
			sourceTree = "<group>";
		};
		AF2BE63F1E28469D00D42A81 /* DevslopesSocial */ = {
			isa = PBXGroup;
			children = (
				AFC474231E29D19400FBFD91 /* DevslopesSocial.entitlements */,
				AFC4741A1E29A41E00FBFD91 /* Util */,
				AF2BE6541E2849A400D42A81 /* Model */,
				AF2BE6551E2849A900D42A81 /* View */,
				AF2BE6561E2849AE00D42A81 /* Controller */,
				AF2BE6401E28469D00D42A81 /* AppDelegate.swift */,
				AF2BE6441E28469D00D42A81 /* Main.storyboard */,
				AF2BE6471E28469D00D42A81 /* Assets.xcassets */,
				AF2BE6491E28469E00D42A81 /* LaunchScreen.storyboard */,
				AF2BE64C1E28469E00D42A81 /* Info.plist */,
				AF2BE6521E28475E00D42A81 /* GoogleService-Info.plist */,
			);
			path = DevslopesSocial;
			sourceTree = "<group>";
		};
		AF2BE6541E2849A400D42A81 /* Model */ = {
			isa = PBXGroup;
			children = (
			);
			name = Model;
			sourceTree = "<group>";
		};
		AF2BE6551E2849A900D42A81 /* View */ = {
			isa = PBXGroup;
			children = (
				AFC474181E29A3A300FBFD91 /* FancyView.swift */,
				AFC4741D1E29A61400FBFD91 /* RoundButton.swift */,
				AFC4741F1E29A78F00FBFD91 /* FancyTextField.swift */,
				AFC474211E29A91D00FBFD91 /* FancyButton.swift */,
			);
			name = View;
			sourceTree = "<group>";
		};
		AF2BE6561E2849AE00D42A81 /* Controller */ = {
			isa = PBXGroup;
			children = (
				AF2BE6421E28469D00D42A81 /* SignInVC.swift */,
			);
			name = Controller;
			sourceTree = "<group>";
		};
		AFC4741A1E29A41E00FBFD91 /* Util */ = {
			isa = PBXGroup;
			children = (
				AFC4741B1E29A43100FBFD91 /* Constants.swift */,
			);
			name = Util;
			sourceTree = "<group>";
		};
		B6D7FBAFBF92A428C496A018 /* Pods */ = {
			isa = PBXGroup;
			children = (
				29387F18C3254A386F338887 /* Pods-DevslopesSocial.debug.xcconfig */,
				D2B3B8273321D6276271CE9A /* Pods-DevslopesSocial.release.xcconfig */,
			);
			name = Pods;
			sourceTree = "<group>";
		};
/* End PBXGroup section */

/* Begin PBXNativeTarget section */
		AF2BE63C1E28469D00D42A81 /* DevslopesSocial */ = {
			isa = PBXNativeTarget;
			buildConfigurationList = AF2BE64F1E28469E00D42A81 /* Build configuration list for PBXNativeTarget "DevslopesSocial" */;
			buildPhases = (
				596C812463493C32E1F12C51 /* [CP] Check Pods Manifest.lock */,
				AF2BE6391E28469D00D42A81 /* Sources */,
				AF2BE63A1E28469D00D42A81 /* Frameworks */,
				AF2BE63B1E28469D00D42A81 /* Resources */,
				8E35946B05D7B6ECEA6A59B4 /* [CP] Embed Pods Frameworks */,
				718610849BD2AE8D0BAEAB83 /* [CP] Copy Pods Resources */,
			);
			buildRules = (
			);
			dependencies = (
			);
			name = DevslopesSocial;
			productName = DevslopesSocial;
			productReference = AF2BE63D1E28469D00D42A81 /* DevslopesSocial.app */;
			productType = "com.apple.product-type.application";
		};
/* End PBXNativeTarget section */

/* Begin PBXProject section */
		AF2BE6351E28469D00D42A81 /* Project object */ = {
			isa = PBXProject;
			attributes = {
				LastSwiftUpdateCheck = 0800;
				LastUpgradeCheck = 0800;
				ORGANIZATIONNAME = "Juan M Mariscal";
				TargetAttributes = {
					AF2BE63C1E28469D00D42A81 = {
						CreatedOnToolsVersion = 8.0;
						DevelopmentTeam = 37Y3Y57488;
						ProvisioningStyle = Automatic;
						SystemCapabilities = {
							com.apple.Keychain = {
								enabled = 1;
							};
						};
					};
				};
			};
			buildConfigurationList = AF2BE6381E28469D00D42A81 /* Build configuration list for PBXProject "DevslopesSocial" */;
			compatibilityVersion = "Xcode 3.2";
			developmentRegion = English;
			hasScannedForEncodings = 0;
			knownRegions = (
				en,
				Base,
			);
			mainGroup = AF2BE6341E28469D00D42A81;
			productRefGroup = AF2BE63E1E28469D00D42A81 /* Products */;
			projectDirPath = "";
			projectRoot = "";
			targets = (
				AF2BE63C1E28469D00D42A81 /* DevslopesSocial */,
			);
		};
/* End PBXProject section */

/* Begin PBXResourcesBuildPhase section */
		AF2BE63B1E28469D00D42A81 /* Resources */ = {
			isa = PBXResourcesBuildPhase;
			buildActionMask = 2147483647;
			files = (
				AF2BE64B1E28469E00D42A81 /* LaunchScreen.storyboard in Resources */,
				AF2BE6481E28469D00D42A81 /* Assets.xcassets in Resources */,
				AF2BE6531E28475E00D42A81 /* GoogleService-Info.plist in Resources */,
				AF2BE6461E28469D00D42A81 /* Main.storyboard in Resources */,
			);
			runOnlyForDeploymentPostprocessing = 0;
		};
/* End PBXResourcesBuildPhase section */

/* Begin PBXShellScriptBuildPhase section */
		596C812463493C32E1F12C51 /* [CP] Check Pods Manifest.lock */ = {
			isa = PBXShellScriptBuildPhase;
			buildActionMask = 2147483647;
			files = (
			);
			inputPaths = (
			);
			name = "[CP] Check Pods Manifest.lock";
			outputPaths = (
			);
			runOnlyForDeploymentPostprocessing = 0;
			shellPath = /bin/sh;
			shellScript = "diff \"${PODS_ROOT}/../Podfile.lock\" \"${PODS_ROOT}/Manifest.lock\" > /dev/null\nif [ $? != 0 ] ; then\n    # print error to STDERR\n    echo \"error: The sandbox is not in sync with the Podfile.lock. Run 'pod install' or update your CocoaPods installation.\" >&2\n    exit 1\nfi\n";
			showEnvVarsInLog = 0;
		};
		718610849BD2AE8D0BAEAB83 /* [CP] Copy Pods Resources */ = {
			isa = PBXShellScriptBuildPhase;
			buildActionMask = 2147483647;
			files = (
			);
			inputPaths = (
			);
			name = "[CP] Copy Pods Resources";
			outputPaths = (
			);
			runOnlyForDeploymentPostprocessing = 0;
			shellPath = /bin/sh;
			shellScript = "\"${SRCROOT}/Pods/Target Support Files/Pods-DevslopesSocial/Pods-DevslopesSocial-resources.sh\"\n";
			showEnvVarsInLog = 0;
		};
		8E35946B05D7B6ECEA6A59B4 /* [CP] Embed Pods Frameworks */ = {
			isa = PBXShellScriptBuildPhase;
			buildActionMask = 2147483647;
			files = (
			);
			inputPaths = (
			);
			name = "[CP] Embed Pods Frameworks";
			outputPaths = (
			);
			runOnlyForDeploymentPostprocessing = 0;
			shellPath = /bin/sh;
			shellScript = "\"${SRCROOT}/Pods/Target Support Files/Pods-DevslopesSocial/Pods-DevslopesSocial-frameworks.sh\"\n";
			showEnvVarsInLog = 0;
		};
/* End PBXShellScriptBuildPhase section */

/* Begin PBXSourcesBuildPhase section */
		AF2BE6391E28469D00D42A81 /* Sources */ = {
			isa = PBXSourcesBuildPhase;
			buildActionMask = 2147483647;
			files = (
				AF2BE6431E28469D00D42A81 /* SignInVC.swift in Sources */,
				AFC4741E1E29A61400FBFD91 /* RoundButton.swift in Sources */,
				AF2BE6411E28469D00D42A81 /* AppDelegate.swift in Sources */,
				AFC474221E29A91D00FBFD91 /* FancyButton.swift in Sources */,
				AFC474201E29A78F00FBFD91 /* FancyTextField.swift in Sources */,
				AFC474191E29A3A300FBFD91 /* FancyView.swift in Sources */,
				AFC4741C1E29A43100FBFD91 /* Constants.swift in Sources */,
			);
			runOnlyForDeploymentPostprocessing = 0;
		};
/* End PBXSourcesBuildPhase section */

/* Begin PBXVariantGroup section */
		AF2BE6441E28469D00D42A81 /* Main.storyboard */ = {
			isa = PBXVariantGroup;
			children = (
				AF2BE6451E28469D00D42A81 /* Base */,
			);
			name = Main.storyboard;
			sourceTree = "<group>";
		};
		AF2BE6491E28469E00D42A81 /* LaunchScreen.storyboard */ = {
			isa = PBXVariantGroup;
			children = (
				AF2BE64A1E28469E00D42A81 /* Base */,
			);
			name = LaunchScreen.storyboard;
			sourceTree = "<group>";
		};
/* End PBXVariantGroup section */

/* Begin XCBuildConfiguration section */
		AF2BE64D1E28469E00D42A81 /* Debug */ = {
			isa = XCBuildConfiguration;
			buildSettings = {
				ALWAYS_SEARCH_USER_PATHS = NO;
				CLANG_ANALYZER_NONNULL = YES;
				CLANG_CXX_LANGUAGE_STANDARD = "gnu++0x";
				CLANG_CXX_LIBRARY = "libc++";
				CLANG_ENABLE_MODULES = YES;
				CLANG_ENABLE_OBJC_ARC = YES;
				CLANG_WARN_BOOL_CONVERSION = YES;
				CLANG_WARN_CONSTANT_CONVERSION = YES;
				CLANG_WARN_DIRECT_OBJC_ISA_USAGE = YES_ERROR;
				CLANG_WARN_DOCUMENTATION_COMMENTS = YES;
				CLANG_WARN_EMPTY_BODY = YES;
				CLANG_WARN_ENUM_CONVERSION = YES;
				CLANG_WARN_INFINITE_RECURSION = YES;
				CLANG_WARN_INT_CONVERSION = YES;
				CLANG_WARN_OBJC_ROOT_CLASS = YES_ERROR;
				CLANG_WARN_SUSPICIOUS_MOVES = YES;
				CLANG_WARN_UNREACHABLE_CODE = YES;
				CLANG_WARN__DUPLICATE_METHOD_MATCH = YES;
				"CODE_SIGN_IDENTITY[sdk=iphoneos*]" = "iPhone Developer";
				COPY_PHASE_STRIP = NO;
				DEBUG_INFORMATION_FORMAT = dwarf;
				ENABLE_STRICT_OBJC_MSGSEND = YES;
				ENABLE_TESTABILITY = YES;
				GCC_C_LANGUAGE_STANDARD = gnu99;
				GCC_DYNAMIC_NO_PIC = NO;
				GCC_NO_COMMON_BLOCKS = YES;
				GCC_OPTIMIZATION_LEVEL = 0;
				GCC_PREPROCESSOR_DEFINITIONS = (
					"DEBUG=1",
					"$(inherited)",
				);
				GCC_WARN_64_TO_32_BIT_CONVERSION = YES;
				GCC_WARN_ABOUT_RETURN_TYPE = YES_ERROR;
				GCC_WARN_UNDECLARED_SELECTOR = YES;
				GCC_WARN_UNINITIALIZED_AUTOS = YES_AGGRESSIVE;
				GCC_WARN_UNUSED_FUNCTION = YES;
				GCC_WARN_UNUSED_VARIABLE = YES;
				IPHONEOS_DEPLOYMENT_TARGET = 10.0;
				MTL_ENABLE_DEBUG_INFO = YES;
				ONLY_ACTIVE_ARCH = YES;
				SDKROOT = iphoneos;
				SWIFT_ACTIVE_COMPILATION_CONDITIONS = DEBUG;
				SWIFT_OPTIMIZATION_LEVEL = "-Onone";
				TARGETED_DEVICE_FAMILY = "1,2";
			};
			name = Debug;
		};
		AF2BE64E1E28469E00D42A81 /* Release */ = {
			isa = XCBuildConfiguration;
			buildSettings = {
				ALWAYS_SEARCH_USER_PATHS = NO;
				CLANG_ANALYZER_NONNULL = YES;
				CLANG_CXX_LANGUAGE_STANDARD = "gnu++0x";
				CLANG_CXX_LIBRARY = "libc++";
				CLANG_ENABLE_MODULES = YES;
				CLANG_ENABLE_OBJC_ARC = YES;
				CLANG_WARN_BOOL_CONVERSION = YES;
				CLANG_WARN_CONSTANT_CONVERSION = YES;
				CLANG_WARN_DIRECT_OBJC_ISA_USAGE = YES_ERROR;
				CLANG_WARN_DOCUMENTATION_COMMENTS = YES;
				CLANG_WARN_EMPTY_BODY = YES;
				CLANG_WARN_ENUM_CONVERSION = YES;
				CLANG_WARN_INFINITE_RECURSION = YES;
				CLANG_WARN_INT_CONVERSION = YES;
				CLANG_WARN_OBJC_ROOT_CLASS = YES_ERROR;
				CLANG_WARN_SUSPICIOUS_MOVES = YES;
				CLANG_WARN_UNREACHABLE_CODE = YES;
				CLANG_WARN__DUPLICATE_METHOD_MATCH = YES;
				"CODE_SIGN_IDENTITY[sdk=iphoneos*]" = "iPhone Developer";
				COPY_PHASE_STRIP = NO;
				DEBUG_INFORMATION_FORMAT = "dwarf-with-dsym";
				ENABLE_NS_ASSERTIONS = NO;
				ENABLE_STRICT_OBJC_MSGSEND = YES;
				GCC_C_LANGUAGE_STANDARD = gnu99;
				GCC_NO_COMMON_BLOCKS = YES;
				GCC_WARN_64_TO_32_BIT_CONVERSION = YES;
				GCC_WARN_ABOUT_RETURN_TYPE = YES_ERROR;
				GCC_WARN_UNDECLARED_SELECTOR = YES;
				GCC_WARN_UNINITIALIZED_AUTOS = YES_AGGRESSIVE;
				GCC_WARN_UNUSED_FUNCTION = YES;
				GCC_WARN_UNUSED_VARIABLE = YES;
				IPHONEOS_DEPLOYMENT_TARGET = 10.0;
				MTL_ENABLE_DEBUG_INFO = NO;
				SDKROOT = iphoneos;
				SWIFT_OPTIMIZATION_LEVEL = "-Owholemodule";
				TARGETED_DEVICE_FAMILY = "1,2";
				VALIDATE_PRODUCT = YES;
			};
			name = Release;
		};
		AF2BE6501E28469E00D42A81 /* Debug */ = {
			isa = XCBuildConfiguration;
			baseConfigurationReference = 29387F18C3254A386F338887 /* Pods-DevslopesSocial.debug.xcconfig */;
			buildSettings = {
				ASSETCATALOG_COMPILER_APPICON_NAME = AppIcon;
				CODE_SIGN_ENTITLEMENTS = DevslopesSocial/DevslopesSocial.entitlements;
				DEVELOPMENT_TEAM = 37Y3Y57488;
				INFOPLIST_FILE = DevslopesSocial/Info.plist;
				LD_RUNPATH_SEARCH_PATHS = "$(inherited) @executable_path/Frameworks";
				PRODUCT_BUNDLE_IDENTIFIER = com.OrionAlliance.DevslopesSocial;
				PRODUCT_NAME = "$(TARGET_NAME)";
				SWIFT_VERSION = 3.0;
			};
			name = Debug;
		};
		AF2BE6511E28469E00D42A81 /* Release */ = {
			isa = XCBuildConfiguration;
			baseConfigurationReference = D2B3B8273321D6276271CE9A /* Pods-DevslopesSocial.release.xcconfig */;
			buildSettings = {
				ASSETCATALOG_COMPILER_APPICON_NAME = AppIcon;
				CODE_SIGN_ENTITLEMENTS = DevslopesSocial/DevslopesSocial.entitlements;
				DEVELOPMENT_TEAM = 37Y3Y57488;
				INFOPLIST_FILE = DevslopesSocial/Info.plist;
				LD_RUNPATH_SEARCH_PATHS = "$(inherited) @executable_path/Frameworks";
				PRODUCT_BUNDLE_IDENTIFIER = com.OrionAlliance.DevslopesSocial;
				PRODUCT_NAME = "$(TARGET_NAME)";
				SWIFT_VERSION = 3.0;
			};
			name = Release;
		};
/* End XCBuildConfiguration section */

/* Begin XCConfigurationList section */
		AF2BE6381E28469D00D42A81 /* Build configuration list for PBXProject "DevslopesSocial" */ = {
			isa = XCConfigurationList;
			buildConfigurations = (
				AF2BE64D1E28469E00D42A81 /* Debug */,
				AF2BE64E1E28469E00D42A81 /* Release */,
			);
			defaultConfigurationIsVisible = 0;
			defaultConfigurationName = Release;
		};
		AF2BE64F1E28469E00D42A81 /* Build configuration list for PBXNativeTarget "DevslopesSocial" */ = {
			isa = XCConfigurationList;
			buildConfigurations = (
				AF2BE6501E28469E00D42A81 /* Debug */,
				AF2BE6511E28469E00D42A81 /* Release */,
			);
			defaultConfigurationIsVisible = 0;
			defaultConfigurationName = Release;
		};
/* End XCConfigurationList section */
	};
	rootObject = AF2BE6351E28469D00D42A81 /* Project object */;
}
